
Microsoft Visual Studio Solution File, Format Version 12.00
# Visual Studio Version 16
VisualStudioVersion = 16.0.29709.97
MinimumVisualStudioVersion = 10.0.40219.1
Project("{FAE04EC0-301F-11D3-BF4B-00C04F79EFBC}") = "lab5.5", "lab5.5\lab5.5.csproj", "{40EC9870-1517-4F77-96F4-03F84B01A7CE}"
EndProject
Global
	GlobalSection(SolutionConfigurationPlatforms) = preSolution
		Debug|Any CPU = Debug|Any CPU
		Release|Any CPU = Release|Any CPU
	EndGlobalSection
	GlobalSection(ProjectConfigurationPlatforms) = postSolution
		{40EC9870-1517-4F77-96F4-03F84B01A7CE}.Debug|Any CPU.ActiveCfg = Debug|Any CPU
		{40EC9870-1517-4F77-96F4-03F84B01A7CE}.Debug|Any CPU.Build.0 = Debug|Any CPU
		{40EC9870-1517-4F77-96F4-03F84B01A7CE}.Release|Any CPU.ActiveCfg = Release|Any CPU
		{40EC9870-1517-4F77-96F4-03F84B01A7CE}.Release|Any CPU.Build.0 = Release|Any CPU
	EndGlobalSection
	GlobalSection(SolutionProperties) = preSolution
		HideSolutionNode = FALSE
	EndGlobalSection
	GlobalSection(ExtensibilityGlobals) = postSolution
		SolutionGuid = {C8C9A687-069D-4406-A482-071BB17F3249}
	EndGlobalSection
EndGlobal
