
Microsoft Visual Studio Solution File, Format Version 12.00
# Visual Studio Version 16
VisualStudioVersion = 16.0.29709.97
MinimumVisualStudioVersion = 10.0.40219.1
Project("{FAE04EC0-301F-11D3-BF4B-00C04F79EFBC}") = "lab10.1", "lab10.1\lab10.1.csproj", "{FCA4D4E7-AE2B-4E0D-8116-805884C6D51C}"
EndProject
Project("{FAE04EC0-301F-11D3-BF4B-00C04F79EFBC}") = "lab10.2", "lab10.2\lab10.2.csproj", "{CE2D82D1-062E-48AB-8EC3-9594E7C4E5B9}"
EndProject
Project("{FAE04EC0-301F-11D3-BF4B-00C04F79EFBC}") = "lab10.3", "lab10.3\lab10.3.csproj", "{C32F3BCD-0E70-4452-8B14-828F0ADD3776}"
EndProject
Project("{FAE04EC0-301F-11D3-BF4B-00C04F79EFBC}") = "lab10.4", "lab10.4\lab10.4.csproj", "{72AE35EA-792C-4153-8FB7-9857E6AB1EC2}"
EndProject
Project("{FAE04EC0-301F-11D3-BF4B-00C04F79EFBC}") = "lab10.5", "lab10.5\lab10.5.csproj", "{4E09EA72-73AE-4EA8-84A1-1216A8833B13}"
EndProject
Project("{FAE04EC0-301F-11D3-BF4B-00C04F79EFBC}") = "lab10.6", "lab10.6\lab10.6.csproj", "{5F2BC3A5-EE70-4DFE-83F2-135C2C91A995}"
EndProject
Project("{FAE04EC0-301F-11D3-BF4B-00C04F79EFBC}") = "lab10.7", "lab10.7\lab10.7.csproj", "{7EE3B9A9-52EC-451D-9D87-582E68AF91DE}"
EndProject
Global
	GlobalSection(SolutionConfigurationPlatforms) = preSolution
		Debug|Any CPU = Debug|Any CPU
		Release|Any CPU = Release|Any CPU
	EndGlobalSection
	GlobalSection(ProjectConfigurationPlatforms) = postSolution
		{FCA4D4E7-AE2B-4E0D-8116-805884C6D51C}.Debug|Any CPU.ActiveCfg = Debug|Any CPU
		{FCA4D4E7-AE2B-4E0D-8116-805884C6D51C}.Debug|Any CPU.Build.0 = Debug|Any CPU
		{FCA4D4E7-AE2B-4E0D-8116-805884C6D51C}.Release|Any CPU.ActiveCfg = Release|Any CPU
		{FCA4D4E7-AE2B-4E0D-8116-805884C6D51C}.Release|Any CPU.Build.0 = Release|Any CPU
		{CE2D82D1-062E-48AB-8EC3-9594E7C4E5B9}.Debug|Any CPU.ActiveCfg = Debug|Any CPU
		{CE2D82D1-062E-48AB-8EC3-9594E7C4E5B9}.Debug|Any CPU.Build.0 = Debug|Any CPU
		{CE2D82D1-062E-48AB-8EC3-9594E7C4E5B9}.Release|Any CPU.ActiveCfg = Release|Any CPU
		{CE2D82D1-062E-48AB-8EC3-9594E7C4E5B9}.Release|Any CPU.Build.0 = Release|Any CPU
		{C32F3BCD-0E70-4452-8B14-828F0ADD3776}.Debug|Any CPU.ActiveCfg = Debug|Any CPU
		{C32F3BCD-0E70-4452-8B14-828F0ADD3776}.Debug|Any CPU.Build.0 = Debug|Any CPU
		{C32F3BCD-0E70-4452-8B14-828F0ADD3776}.Release|Any CPU.ActiveCfg = Release|Any CPU
		{C32F3BCD-0E70-4452-8B14-828F0ADD3776}.Release|Any CPU.Build.0 = Release|Any CPU
		{72AE35EA-792C-4153-8FB7-9857E6AB1EC2}.Debug|Any CPU.ActiveCfg = Debug|Any CPU
		{72AE35EA-792C-4153-8FB7-9857E6AB1EC2}.Debug|Any CPU.Build.0 = Debug|Any CPU
		{72AE35EA-792C-4153-8FB7-9857E6AB1EC2}.Release|Any CPU.ActiveCfg = Release|Any CPU
		{72AE35EA-792C-4153-8FB7-9857E6AB1EC2}.Release|Any CPU.Build.0 = Release|Any CPU
		{4E09EA72-73AE-4EA8-84A1-1216A8833B13}.Debug|Any CPU.ActiveCfg = Debug|Any CPU
		{4E09EA72-73AE-4EA8-84A1-1216A8833B13}.Debug|Any CPU.Build.0 = Debug|Any CPU
		{4E09EA72-73AE-4EA8-84A1-1216A8833B13}.Release|Any CPU.ActiveCfg = Release|Any CPU
		{4E09EA72-73AE-4EA8-84A1-1216A8833B13}.Release|Any CPU.Build.0 = Release|Any CPU
		{5F2BC3A5-EE70-4DFE-83F2-135C2C91A995}.Debug|Any CPU.ActiveCfg = Debug|Any CPU
		{5F2BC3A5-EE70-4DFE-83F2-135C2C91A995}.Debug|Any CPU.Build.0 = Debug|Any CPU
		{5F2BC3A5-EE70-4DFE-83F2-135C2C91A995}.Release|Any CPU.ActiveCfg = Release|Any CPU
		{5F2BC3A5-EE70-4DFE-83F2-135C2C91A995}.Release|Any CPU.Build.0 = Release|Any CPU
		{7EE3B9A9-52EC-451D-9D87-582E68AF91DE}.Debug|Any CPU.ActiveCfg = Debug|Any CPU
		{7EE3B9A9-52EC-451D-9D87-582E68AF91DE}.Debug|Any CPU.Build.0 = Debug|Any CPU
		{7EE3B9A9-52EC-451D-9D87-582E68AF91DE}.Release|Any CPU.ActiveCfg = Release|Any CPU
		{7EE3B9A9-52EC-451D-9D87-582E68AF91DE}.Release|Any CPU.Build.0 = Release|Any CPU
	EndGlobalSection
	GlobalSection(SolutionProperties) = preSolution
		HideSolutionNode = FALSE
	EndGlobalSection
	GlobalSection(ExtensibilityGlobals) = postSolution
		SolutionGuid = {121068EE-6369-49B3-A53B-0B5B1FD74A13}
	EndGlobalSection
EndGlobal
