
Microsoft Visual Studio Solution File, Format Version 12.00
# Visual Studio Version 16
VisualStudioVersion = 16.0.29709.97
MinimumVisualStudioVersion = 10.0.40219.1
Project("{9A19103F-16F7-4668-BE54-9A1E7A4F7556}") = "lab12.1", "lab12.1\lab12.1.csproj", "{25D6DFAE-3ED8-4915-BB6F-17C2AB8FF1A4}"
EndProject
Project("{9A19103F-16F7-4668-BE54-9A1E7A4F7556}") = "lab12.2", "lab12.2\lab12.2.csproj", "{171FB0A7-0889-4D20-BF78-0AD275477E79}"
EndProject
Project("{9A19103F-16F7-4668-BE54-9A1E7A4F7556}") = "lab12.3", "lab12.3\lab12.3.csproj", "{F997988A-EDED-461D-8311-A74900315455}"
EndProject
Project("{FAE04EC0-301F-11D3-BF4B-00C04F79EFBC}") = "lab12.4", "lab12.4\lab12.4.csproj", "{12CA398B-D806-40E9-BD09-6530F5FAED29}"
EndProject
Project("{FAE04EC0-301F-11D3-BF4B-00C04F79EFBC}") = "lab12.5", "lab12.5\lab12.5.csproj", "{9F814057-F806-421F-A6D5-6517DD3DA05F}"
EndProject
Global
	GlobalSection(SolutionConfigurationPlatforms) = preSolution
		Debug|Any CPU = Debug|Any CPU
		Release|Any CPU = Release|Any CPU
	EndGlobalSection
	GlobalSection(ProjectConfigurationPlatforms) = postSolution
		{25D6DFAE-3ED8-4915-BB6F-17C2AB8FF1A4}.Debug|Any CPU.ActiveCfg = Debug|Any CPU
		{25D6DFAE-3ED8-4915-BB6F-17C2AB8FF1A4}.Debug|Any CPU.Build.0 = Debug|Any CPU
		{25D6DFAE-3ED8-4915-BB6F-17C2AB8FF1A4}.Release|Any CPU.ActiveCfg = Release|Any CPU
		{25D6DFAE-3ED8-4915-BB6F-17C2AB8FF1A4}.Release|Any CPU.Build.0 = Release|Any CPU
		{171FB0A7-0889-4D20-BF78-0AD275477E79}.Debug|Any CPU.ActiveCfg = Debug|Any CPU
		{171FB0A7-0889-4D20-BF78-0AD275477E79}.Debug|Any CPU.Build.0 = Debug|Any CPU
		{171FB0A7-0889-4D20-BF78-0AD275477E79}.Release|Any CPU.ActiveCfg = Release|Any CPU
		{171FB0A7-0889-4D20-BF78-0AD275477E79}.Release|Any CPU.Build.0 = Release|Any CPU
		{F997988A-EDED-461D-8311-A74900315455}.Debug|Any CPU.ActiveCfg = Debug|Any CPU
		{F997988A-EDED-461D-8311-A74900315455}.Debug|Any CPU.Build.0 = Debug|Any CPU
		{F997988A-EDED-461D-8311-A74900315455}.Release|Any CPU.ActiveCfg = Release|Any CPU
		{F997988A-EDED-461D-8311-A74900315455}.Release|Any CPU.Build.0 = Release|Any CPU
		{12CA398B-D806-40E9-BD09-6530F5FAED29}.Debug|Any CPU.ActiveCfg = Debug|Any CPU
		{12CA398B-D806-40E9-BD09-6530F5FAED29}.Debug|Any CPU.Build.0 = Debug|Any CPU
		{12CA398B-D806-40E9-BD09-6530F5FAED29}.Release|Any CPU.ActiveCfg = Release|Any CPU
		{12CA398B-D806-40E9-BD09-6530F5FAED29}.Release|Any CPU.Build.0 = Release|Any CPU
		{9F814057-F806-421F-A6D5-6517DD3DA05F}.Debug|Any CPU.ActiveCfg = Debug|Any CPU
		{9F814057-F806-421F-A6D5-6517DD3DA05F}.Debug|Any CPU.Build.0 = Debug|Any CPU
		{9F814057-F806-421F-A6D5-6517DD3DA05F}.Release|Any CPU.ActiveCfg = Release|Any CPU
		{9F814057-F806-421F-A6D5-6517DD3DA05F}.Release|Any CPU.Build.0 = Release|Any CPU
	EndGlobalSection
	GlobalSection(SolutionProperties) = preSolution
		HideSolutionNode = FALSE
	EndGlobalSection
	GlobalSection(ExtensibilityGlobals) = postSolution
		SolutionGuid = {8C0E4B03-1D8F-4438-A93F-B0D730917360}
	EndGlobalSection
EndGlobal
