
Microsoft Visual Studio Solution File, Format Version 12.00
# Visual Studio Version 16
VisualStudioVersion = 16.0.29709.97
MinimumVisualStudioVersion = 10.0.40219.1
Project("{FAE04EC0-301F-11D3-BF4B-00C04F79EFBC}") = "lab8.1", "labs8\lab8.1.csproj", "{6489B20C-0AE5-45AF-AB8A-CF75FF28AC6F}"
EndProject
Project("{FAE04EC0-301F-11D3-BF4B-00C04F79EFBC}") = "lab8.2", "lab8.2\lab8.2.csproj", "{2401660C-3821-46D6-9D4E-A641CD18446B}"
EndProject
Project("{FAE04EC0-301F-11D3-BF4B-00C04F79EFBC}") = "lab8.3", "lab8.3\lab8.3.csproj", "{0F4192DF-FF71-4384-A391-262EBB27A354}"
EndProject
Project("{FAE04EC0-301F-11D3-BF4B-00C04F79EFBC}") = "lab8.4", "lab8.4\lab8.4.csproj", "{A03A1186-36DB-43A1-ACF4-306C5E128808}"
EndProject
Project("{FAE04EC0-301F-11D3-BF4B-00C04F79EFBC}") = "lab8.5", "lab8.5\lab8.5.csproj", "{68692471-8A00-4143-B386-891A32E8B001}"
EndProject
Global
	GlobalSection(SolutionConfigurationPlatforms) = preSolution
		Debug|Any CPU = Debug|Any CPU
		Release|Any CPU = Release|Any CPU
	EndGlobalSection
	GlobalSection(ProjectConfigurationPlatforms) = postSolution
		{6489B20C-0AE5-45AF-AB8A-CF75FF28AC6F}.Debug|Any CPU.ActiveCfg = Debug|Any CPU
		{6489B20C-0AE5-45AF-AB8A-CF75FF28AC6F}.Debug|Any CPU.Build.0 = Debug|Any CPU
		{6489B20C-0AE5-45AF-AB8A-CF75FF28AC6F}.Release|Any CPU.ActiveCfg = Release|Any CPU
		{6489B20C-0AE5-45AF-AB8A-CF75FF28AC6F}.Release|Any CPU.Build.0 = Release|Any CPU
		{2401660C-3821-46D6-9D4E-A641CD18446B}.Debug|Any CPU.ActiveCfg = Debug|Any CPU
		{2401660C-3821-46D6-9D4E-A641CD18446B}.Debug|Any CPU.Build.0 = Debug|Any CPU
		{2401660C-3821-46D6-9D4E-A641CD18446B}.Release|Any CPU.ActiveCfg = Release|Any CPU
		{2401660C-3821-46D6-9D4E-A641CD18446B}.Release|Any CPU.Build.0 = Release|Any CPU
		{0F4192DF-FF71-4384-A391-262EBB27A354}.Debug|Any CPU.ActiveCfg = Debug|Any CPU
		{0F4192DF-FF71-4384-A391-262EBB27A354}.Debug|Any CPU.Build.0 = Debug|Any CPU
		{0F4192DF-FF71-4384-A391-262EBB27A354}.Release|Any CPU.ActiveCfg = Release|Any CPU
		{0F4192DF-FF71-4384-A391-262EBB27A354}.Release|Any CPU.Build.0 = Release|Any CPU
		{A03A1186-36DB-43A1-ACF4-306C5E128808}.Debug|Any CPU.ActiveCfg = Debug|Any CPU
		{A03A1186-36DB-43A1-ACF4-306C5E128808}.Debug|Any CPU.Build.0 = Debug|Any CPU
		{A03A1186-36DB-43A1-ACF4-306C5E128808}.Release|Any CPU.ActiveCfg = Release|Any CPU
		{A03A1186-36DB-43A1-ACF4-306C5E128808}.Release|Any CPU.Build.0 = Release|Any CPU
		{68692471-8A00-4143-B386-891A32E8B001}.Debug|Any CPU.ActiveCfg = Debug|Any CPU
		{68692471-8A00-4143-B386-891A32E8B001}.Debug|Any CPU.Build.0 = Debug|Any CPU
		{68692471-8A00-4143-B386-891A32E8B001}.Release|Any CPU.ActiveCfg = Release|Any CPU
		{68692471-8A00-4143-B386-891A32E8B001}.Release|Any CPU.Build.0 = Release|Any CPU
	EndGlobalSection
	GlobalSection(SolutionProperties) = preSolution
		HideSolutionNode = FALSE
	EndGlobalSection
	GlobalSection(ExtensibilityGlobals) = postSolution
		SolutionGuid = {06BBAA75-BBB6-4682-9202-87C82DD929AF}
	EndGlobalSection
EndGlobal
