
Microsoft Visual Studio Solution File, Format Version 12.00
# Visual Studio Version 16
VisualStudioVersion = 16.0.29709.97
MinimumVisualStudioVersion = 10.0.40219.1
Project("{FAE04EC0-301F-11D3-BF4B-00C04F79EFBC}") = "lab23.1", "lab23.1\lab23.1.csproj", "{3CE87EA0-C645-4CE3-B57D-EBFFA90400AA}"
EndProject
Project("{FAE04EC0-301F-11D3-BF4B-00C04F79EFBC}") = "lab23.2", "lab23.2\lab23.2.csproj", "{A6E1D4C6-B4A2-4428-95F6-3040DFE1DCDA}"
EndProject
Project("{FAE04EC0-301F-11D3-BF4B-00C04F79EFBC}") = "lab23.3", "lab23.3\lab23.3.csproj", "{D3BD4072-593B-4A96-BE6B-27F2FD9E7BCE}"
EndProject
Project("{FAE04EC0-301F-11D3-BF4B-00C04F79EFBC}") = "lab23.4", "lab23.4\lab23.4.csproj", "{C07ADA47-4943-4B0C-AF66-3B74ABD66E43}"
EndProject
Project("{FAE04EC0-301F-11D3-BF4B-00C04F79EFBC}") = "lab23.5", "lab23.5\lab23.5.csproj", "{B064C3D1-E577-411F-B8F3-0311F2D292F6}"
EndProject
Global
	GlobalSection(SolutionConfigurationPlatforms) = preSolution
		Debug|Any CPU = Debug|Any CPU
		Release|Any CPU = Release|Any CPU
	EndGlobalSection
	GlobalSection(ProjectConfigurationPlatforms) = postSolution
		{3CE87EA0-C645-4CE3-B57D-EBFFA90400AA}.Debug|Any CPU.ActiveCfg = Debug|Any CPU
		{3CE87EA0-C645-4CE3-B57D-EBFFA90400AA}.Debug|Any CPU.Build.0 = Debug|Any CPU
		{3CE87EA0-C645-4CE3-B57D-EBFFA90400AA}.Release|Any CPU.ActiveCfg = Release|Any CPU
		{3CE87EA0-C645-4CE3-B57D-EBFFA90400AA}.Release|Any CPU.Build.0 = Release|Any CPU
		{A6E1D4C6-B4A2-4428-95F6-3040DFE1DCDA}.Debug|Any CPU.ActiveCfg = Debug|Any CPU
		{A6E1D4C6-B4A2-4428-95F6-3040DFE1DCDA}.Debug|Any CPU.Build.0 = Debug|Any CPU
		{A6E1D4C6-B4A2-4428-95F6-3040DFE1DCDA}.Release|Any CPU.ActiveCfg = Release|Any CPU
		{A6E1D4C6-B4A2-4428-95F6-3040DFE1DCDA}.Release|Any CPU.Build.0 = Release|Any CPU
		{D3BD4072-593B-4A96-BE6B-27F2FD9E7BCE}.Debug|Any CPU.ActiveCfg = Debug|Any CPU
		{D3BD4072-593B-4A96-BE6B-27F2FD9E7BCE}.Debug|Any CPU.Build.0 = Debug|Any CPU
		{D3BD4072-593B-4A96-BE6B-27F2FD9E7BCE}.Release|Any CPU.ActiveCfg = Release|Any CPU
		{D3BD4072-593B-4A96-BE6B-27F2FD9E7BCE}.Release|Any CPU.Build.0 = Release|Any CPU
		{C07ADA47-4943-4B0C-AF66-3B74ABD66E43}.Debug|Any CPU.ActiveCfg = Debug|Any CPU
		{C07ADA47-4943-4B0C-AF66-3B74ABD66E43}.Debug|Any CPU.Build.0 = Debug|Any CPU
		{C07ADA47-4943-4B0C-AF66-3B74ABD66E43}.Release|Any CPU.ActiveCfg = Release|Any CPU
		{C07ADA47-4943-4B0C-AF66-3B74ABD66E43}.Release|Any CPU.Build.0 = Release|Any CPU
		{B064C3D1-E577-411F-B8F3-0311F2D292F6}.Debug|Any CPU.ActiveCfg = Debug|Any CPU
		{B064C3D1-E577-411F-B8F3-0311F2D292F6}.Debug|Any CPU.Build.0 = Debug|Any CPU
		{B064C3D1-E577-411F-B8F3-0311F2D292F6}.Release|Any CPU.ActiveCfg = Release|Any CPU
		{B064C3D1-E577-411F-B8F3-0311F2D292F6}.Release|Any CPU.Build.0 = Release|Any CPU
	EndGlobalSection
	GlobalSection(SolutionProperties) = preSolution
		HideSolutionNode = FALSE
	EndGlobalSection
	GlobalSection(ExtensibilityGlobals) = postSolution
		SolutionGuid = {A63DD6A9-31DD-4D62-B45F-9E0CDF235003}
	EndGlobalSection
EndGlobal
