
Microsoft Visual Studio Solution File, Format Version 12.00
# Visual Studio Version 16
VisualStudioVersion = 16.0.29709.97
MinimumVisualStudioVersion = 10.0.40219.1
Project("{FAE04EC0-301F-11D3-BF4B-00C04F79EFBC}") = "lab5.3", "lab5.3\lab5.3.csproj", "{C7C5626B-CEA8-4A0E-86CE-EA3FDA029955}"
EndProject
Global
	GlobalSection(SolutionConfigurationPlatforms) = preSolution
		Debug|Any CPU = Debug|Any CPU
		Release|Any CPU = Release|Any CPU
	EndGlobalSection
	GlobalSection(ProjectConfigurationPlatforms) = postSolution
		{C7C5626B-CEA8-4A0E-86CE-EA3FDA029955}.Debug|Any CPU.ActiveCfg = Debug|Any CPU
		{C7C5626B-CEA8-4A0E-86CE-EA3FDA029955}.Debug|Any CPU.Build.0 = Debug|Any CPU
		{C7C5626B-CEA8-4A0E-86CE-EA3FDA029955}.Release|Any CPU.ActiveCfg = Release|Any CPU
		{C7C5626B-CEA8-4A0E-86CE-EA3FDA029955}.Release|Any CPU.Build.0 = Release|Any CPU
	EndGlobalSection
	GlobalSection(SolutionProperties) = preSolution
		HideSolutionNode = FALSE
	EndGlobalSection
	GlobalSection(ExtensibilityGlobals) = postSolution
		SolutionGuid = {5359F503-6732-4E3E-9A7C-D424F34F4186}
	EndGlobalSection
EndGlobal
