
Microsoft Visual Studio Solution File, Format Version 12.00
# Visual Studio Version 16
VisualStudioVersion = 16.0.29709.97
MinimumVisualStudioVersion = 10.0.40219.1
Project("{FAE04EC0-301F-11D3-BF4B-00C04F79EFBC}") = "lab7.5", "lab7.5\lab7.5.csproj", "{2D0EC925-D3EA-43DF-A19D-D8E2981659A8}"
EndProject
Global
	GlobalSection(SolutionConfigurationPlatforms) = preSolution
		Debug|Any CPU = Debug|Any CPU
		Release|Any CPU = Release|Any CPU
	EndGlobalSection
	GlobalSection(ProjectConfigurationPlatforms) = postSolution
		{2D0EC925-D3EA-43DF-A19D-D8E2981659A8}.Debug|Any CPU.ActiveCfg = Debug|Any CPU
		{2D0EC925-D3EA-43DF-A19D-D8E2981659A8}.Debug|Any CPU.Build.0 = Debug|Any CPU
		{2D0EC925-D3EA-43DF-A19D-D8E2981659A8}.Release|Any CPU.ActiveCfg = Release|Any CPU
		{2D0EC925-D3EA-43DF-A19D-D8E2981659A8}.Release|Any CPU.Build.0 = Release|Any CPU
	EndGlobalSection
	GlobalSection(SolutionProperties) = preSolution
		HideSolutionNode = FALSE
	EndGlobalSection
	GlobalSection(ExtensibilityGlobals) = postSolution
		SolutionGuid = {37C91073-B562-4CEE-9F05-3F5091E5CF41}
	EndGlobalSection
EndGlobal
