
Microsoft Visual Studio Solution File, Format Version 12.00
# Visual Studio Version 16
VisualStudioVersion = 16.0.29709.97
MinimumVisualStudioVersion = 10.0.40219.1
Project("{FAE04EC0-301F-11D3-BF4B-00C04F79EFBC}") = "lab17.1", "lab17.1\lab17.1.csproj", "{DE5EBE84-4B5E-41D8-AA15-4AB8BB09E4C1}"
EndProject
Project("{FAE04EC0-301F-11D3-BF4B-00C04F79EFBC}") = "lab17.2", "lab17.2\lab17.2.csproj", "{13E877EF-7F09-450A-848C-DE184DCEA7A4}"
EndProject
Project("{FAE04EC0-301F-11D3-BF4B-00C04F79EFBC}") = "lab17.3", "lab17.3\lab17.3.csproj", "{D33BD951-3C9E-44EA-9B47-1A362F90C8C1}"
EndProject
Project("{FAE04EC0-301F-11D3-BF4B-00C04F79EFBC}") = "lab17.4", "lab17.4\lab17.4.csproj", "{36FF64D0-53F6-4D79-86E7-A9D4804E3668}"
EndProject
Project("{FAE04EC0-301F-11D3-BF4B-00C04F79EFBC}") = "lab17.5", "lab17.5\lab17.5.csproj", "{DB1B949F-9930-4970-96ED-4E8C8F78A407}"
EndProject
Global
	GlobalSection(SolutionConfigurationPlatforms) = preSolution
		Debug|Any CPU = Debug|Any CPU
		Release|Any CPU = Release|Any CPU
	EndGlobalSection
	GlobalSection(ProjectConfigurationPlatforms) = postSolution
		{DE5EBE84-4B5E-41D8-AA15-4AB8BB09E4C1}.Debug|Any CPU.ActiveCfg = Debug|Any CPU
		{DE5EBE84-4B5E-41D8-AA15-4AB8BB09E4C1}.Debug|Any CPU.Build.0 = Debug|Any CPU
		{DE5EBE84-4B5E-41D8-AA15-4AB8BB09E4C1}.Release|Any CPU.ActiveCfg = Release|Any CPU
		{DE5EBE84-4B5E-41D8-AA15-4AB8BB09E4C1}.Release|Any CPU.Build.0 = Release|Any CPU
		{13E877EF-7F09-450A-848C-DE184DCEA7A4}.Debug|Any CPU.ActiveCfg = Debug|Any CPU
		{13E877EF-7F09-450A-848C-DE184DCEA7A4}.Debug|Any CPU.Build.0 = Debug|Any CPU
		{13E877EF-7F09-450A-848C-DE184DCEA7A4}.Release|Any CPU.ActiveCfg = Release|Any CPU
		{13E877EF-7F09-450A-848C-DE184DCEA7A4}.Release|Any CPU.Build.0 = Release|Any CPU
		{D33BD951-3C9E-44EA-9B47-1A362F90C8C1}.Debug|Any CPU.ActiveCfg = Debug|Any CPU
		{D33BD951-3C9E-44EA-9B47-1A362F90C8C1}.Debug|Any CPU.Build.0 = Debug|Any CPU
		{D33BD951-3C9E-44EA-9B47-1A362F90C8C1}.Release|Any CPU.ActiveCfg = Release|Any CPU
		{D33BD951-3C9E-44EA-9B47-1A362F90C8C1}.Release|Any CPU.Build.0 = Release|Any CPU
		{36FF64D0-53F6-4D79-86E7-A9D4804E3668}.Debug|Any CPU.ActiveCfg = Debug|Any CPU
		{36FF64D0-53F6-4D79-86E7-A9D4804E3668}.Debug|Any CPU.Build.0 = Debug|Any CPU
		{36FF64D0-53F6-4D79-86E7-A9D4804E3668}.Release|Any CPU.ActiveCfg = Release|Any CPU
		{36FF64D0-53F6-4D79-86E7-A9D4804E3668}.Release|Any CPU.Build.0 = Release|Any CPU
		{DB1B949F-9930-4970-96ED-4E8C8F78A407}.Debug|Any CPU.ActiveCfg = Debug|Any CPU
		{DB1B949F-9930-4970-96ED-4E8C8F78A407}.Debug|Any CPU.Build.0 = Debug|Any CPU
		{DB1B949F-9930-4970-96ED-4E8C8F78A407}.Release|Any CPU.ActiveCfg = Release|Any CPU
		{DB1B949F-9930-4970-96ED-4E8C8F78A407}.Release|Any CPU.Build.0 = Release|Any CPU
	EndGlobalSection
	GlobalSection(SolutionProperties) = preSolution
		HideSolutionNode = FALSE
	EndGlobalSection
	GlobalSection(ExtensibilityGlobals) = postSolution
		SolutionGuid = {6C1DE036-5240-487D-94C7-5854CF03F55B}
	EndGlobalSection
EndGlobal
